// !$*UTF8*$!
{
	archiveVersion = 1;
	classes = {
	};
	objectVersion = 50;
	objects = {

/* Begin PBXBuildFile section */
		1817A25523E120A200140E0D /* AppDelegate.swift in Sources */ = {isa = PBXBuildFile; fileRef = 1817A25423E120A200140E0D /* AppDelegate.swift */; };
		1817A25723E120A200140E0D /* SceneDelegate.swift in Sources */ = {isa = PBXBuildFile; fileRef = 1817A25623E120A200140E0D /* SceneDelegate.swift */; };
		1817A25923E120A200140E0D /* ViewController.swift in Sources */ = {isa = PBXBuildFile; fileRef = 1817A25823E120A200140E0D /* ViewController.swift */; };
		1817A25C23E120A200140E0D /* Main.storyboard in Resources */ = {isa = PBXBuildFile; fileRef = 1817A25A23E120A200140E0D /* Main.storyboard */; };
		1817A25E23E120A800140E0D /* Assets.xcassets in Resources */ = {isa = PBXBuildFile; fileRef = 1817A25D23E120A800140E0D /* Assets.xcassets */; };
		1817A26123E120A800140E0D /* LaunchScreen.storyboard in Resources */ = {isa = PBXBuildFile; fileRef = 1817A25F23E120A800140E0D /* LaunchScreen.storyboard */; };
/* End PBXBuildFile section */

/* Begin PBXFileReference section */
		1817A25123E120A200140E0D /* sggKaedeMax.app */ = {isa = PBXFileReference; explicitFileType = wrapper.application; includeInIndex = 0; path = sggKaedeMax.app; sourceTree = BUILT_PRODUCTS_DIR; };
		1817A25423E120A200140E0D /* AppDelegate.swift */ = {isa = PBXFileReference; lastKnownFileType = sourcecode.swift; path = AppDelegate.swift; sourceTree = "<group>"; };
		1817A25623E120A200140E0D /* SceneDelegate.swift */ = {isa = PBXFileReference; lastKnownFileType = sourcecode.swift; path = SceneDelegate.swift; sourceTree = "<group>"; };
		1817A25823E120A200140E0D /* ViewController.swift */ = {isa = PBXFileReference; lastKnownFileType = sourcecode.swift; path = ViewController.swift; sourceTree = "<group>"; };
		1817A25B23E120A200140E0D /* Base */ = {isa = PBXFileReference; lastKnownFileType = file.storyboard; name = Base; path = Base.lproj/Main.storyboard; sourceTree = "<group>"; };
		1817A25D23E120A800140E0D /* Assets.xcassets */ = {isa = PBXFileReference; lastKnownFileType = folder.assetcatalog; path = Assets.xcassets; sourceTree = "<group>"; };
		1817A26023E120A800140E0D /* Base */ = {isa = PBXFileReference; lastKnownFileType = file.storyboard; name = Base; path = Base.lproj/LaunchScreen.storyboard; sourceTree = "<group>"; };
		1817A26223E120A800140E0D /* Info.plist */ = {isa = PBXFileReference; lastKnownFileType = text.plist.xml; path = Info.plist; sourceTree = "<group>"; };
/* End PBXFileReference section */

/* Begin PBXFrameworksBuildPhase section */
		1817A24E23E120A200140E0D /* Frameworks */ = {
			isa = PBXFrameworksBuildPhase;
			buildActionMask = 2147483647;
			files = (
			);
			runOnlyForDeploymentPostprocessing = 0;
		};
/* End PBXFrameworksBuildPhase section */

/* Begin PBXGroup section */
		1817A24823E120A200140E0D = {
			isa = PBXGroup;
			children = (
				1817A25323E120A200140E0D /* sggKaedeMax */,
				1817A25223E120A200140E0D /* Products */,
			);
			sourceTree = "<group>";
		};
		1817A25223E120A200140E0D /* Products */ = {
			isa = PBXGroup;
			children = (
				1817A25123E120A200140E0D /* sggKaedeMax.app */,
			);
			name = Products;
			sourceTree = "<group>";
		};
		1817A25323E120A200140E0D /* sggKaedeMax */ = {
			isa = PBXGroup;
			children = (
				1817A25423E120A200140E0D /* AppDelegate.swift */,
				1817A25623E120A200140E0D /* SceneDelegate.swift */,
				1817A25823E120A200140E0D /* ViewController.swift */,
				1817A25A23E120A200140E0D /* Main.storyboard */,
				1817A25D23E120A800140E0D /* Assets.xcassets */,
				1817A25F23E120A800140E0D /* LaunchScreen.storyboard */,
				1817A26223E120A800140E0D /* Info.plist */,
			);
			path = sggKaedeMax;
			sourceTree = "<group>";
		};
/* End PBXGroup section */

/* Begin PBXNativeTarget section */
		1817A25023E120A200140E0D /* sggKaedeMax */ = {
			isa = PBXNativeTarget;
			buildConfigurationList = 1817A26523E120A800140E0D /* Build configuration list for PBXNativeTarget "sggKaedeMax" */;
			buildPhases = (
				1817A24D23E120A200140E0D /* Sources */,
				1817A24E23E120A200140E0D /* Frameworks */,
				1817A24F23E120A200140E0D /* Resources */,
			);
			buildRules = (
			);
			dependencies = (
			);
			name = sggKaedeMax;
			productName = sggKaedeMax;
			productReference = 1817A25123E120A200140E0D /* sggKaedeMax.app */;
			productType = "com.apple.product-type.application";
		};
/* End PBXNativeTarget section */

/* Begin PBXProject section */
		1817A24923E120A200140E0D /* Project object */ = {
			isa = PBXProject;
			attributes = {
				LastSwiftUpdateCheck = 1130;
				LastUpgradeCheck = 1130;
				ORGANIZATIONNAME = Rentaro;
				TargetAttributes = {
					1817A25023E120A200140E0D = {
						CreatedOnToolsVersion = 11.3.1;
					};
				};
			};
			buildConfigurationList = 1817A24C23E120A200140E0D /* Build configuration list for PBXProject "sggKaedeMax" */;
			compatibilityVersion = "Xcode 9.3";
			developmentRegion = en;
			hasScannedForEncodings = 0;
			knownRegions = (
				en,
				Base,
			);
			mainGroup = 1817A24823E120A200140E0D;
			productRefGroup = 1817A25223E120A200140E0D /* Products */;
			projectDirPath = "";
			projectRoot = "";
			targets = (
				1817A25023E120A200140E0D /* sggKaedeMax */,
			);
		};
/* End PBXProject section */

/* Begin PBXResourcesBuildPhase section */
		1817A24F23E120A200140E0D /* Resources */ = {
			isa = PBXResourcesBuildPhase;
			buildActionMask = 2147483647;
			files = (
				1817A26123E120A800140E0D /* LaunchScreen.storyboard in Resources */,
				1817A25E23E120A800140E0D /* Assets.xcassets in Resources */,
				1817A25C23E120A200140E0D /* Main.storyboard in Resources */,
			);
			runOnlyForDeploymentPostprocessing = 0;
		};
/* End PBXResourcesBuildPhase section */

/* Begin PBXSourcesBuildPhase section */
		1817A24D23E120A200140E0D /* Sources */ = {
			isa = PBXSourcesBuildPhase;
			buildActionMask = 2147483647;
			files = (
				1817A25923E120A200140E0D /* ViewController.swift in Sources */,
				1817A25523E120A200140E0D /* AppDelegate.swift in Sources */,
				1817A25723E120A200140E0D /* SceneDelegate.swift in Sources */,
			);
			runOnlyForDeploymentPostprocessing = 0;
		};
/* End PBXSourcesBuildPhase section */

/* Begin PBXVariantGroup section */
		1817A25A23E120A200140E0D /* Main.storyboard */ = {
			isa = PBXVariantGroup;
			children = (
				1817A25B23E120A200140E0D /* Base */,
			);
			name = Main.storyboard;
			sourceTree = "<group>";
		};
		1817A25F23E120A800140E0D /* LaunchScreen.storyboard */ = {
			isa = PBXVariantGroup;
			children = (
				1817A26023E120A800140E0D /* Base */,
			);
			name = LaunchScreen.storyboard;
			sourceTree = "<group>";
		};
/* End PBXVariantGroup section */

/* Begin XCBuildConfiguration section */
		1817A26323E120A800140E0D /* Debug */ = {
			isa = XCBuildConfiguration;
			buildSettings = {
				ALWAYS_SEARCH_USER_PATHS = NO;
				CLANG_ANALYZER_NONNULL = YES;
				CLANG_ANALYZER_NUMBER_OBJECT_CONVERSION = YES_AGGRESSIVE;
				CLANG_CXX_LANGUAGE_STANDARD = "gnu++14";
				CLANG_CXX_LIBRARY = "libc++";
				CLANG_ENABLE_MODULES = YES;
				CLANG_ENABLE_OBJC_ARC = YES;
				CLANG_ENABLE_OBJC_WEAK = YES;
				CLANG_WARN_BLOCK_CAPTURE_AUTORELEASING = YES;
				CLANG_WARN_BOOL_CONVERSION = YES;
				CLANG_WARN_COMMA = YES;
				CLANG_WARN_CONSTANT_CONVERSION = YES;
				CLANG_WARN_DEPRECATED_OBJC_IMPLEMENTATIONS = YES;
				CLANG_WARN_DIRECT_OBJC_ISA_USAGE = YES_ERROR;
				CLANG_WARN_DOCUMENTATION_COMMENTS = YES;
				CLANG_WARN_EMPTY_BODY = YES;
				CLANG_WARN_ENUM_CONVERSION = YES;
				CLANG_WARN_INFINITE_RECURSION = YES;
				CLANG_WARN_INT_CONVERSION = YES;
				CLANG_WARN_NON_LITERAL_NULL_CONVERSION = YES;
				CLANG_WARN_OBJC_IMPLICIT_RETAIN_SELF = YES;
				CLANG_WARN_OBJC_LITERAL_CONVERSION = YES;
				CLANG_WARN_OBJC_ROOT_CLASS = YES_ERROR;
				CLANG_WARN_RANGE_LOOP_ANALYSIS = YES;
				CLANG_WARN_STRICT_PROTOTYPES = YES;
				CLANG_WARN_SUSPICIOUS_MOVE = YES;
				CLANG_WARN_UNGUARDED_AVAILABILITY = YES_AGGRESSIVE;
				CLANG_WARN_UNREACHABLE_CODE = YES;
				CLANG_WARN__DUPLICATE_METHOD_MATCH = YES;
				COPY_PHASE_STRIP = NO;
				DEBUG_INFORMATION_FORMAT = dwarf;
				ENABLE_STRICT_OBJC_MSGSEND = YES;
				ENABLE_TESTABILITY = YES;
				GCC_C_LANGUAGE_STANDARD = gnu11;
				GCC_DYNAMIC_NO_PIC = NO;
				GCC_NO_COMMON_BLOCKS = YES;
				GCC_OPTIMIZATION_LEVEL = 0;
				GCC_PREPROCESSOR_DEFINITIONS = (
					"DEBUG=1",
					"$(inherited)",
				);
				GCC_WARN_64_TO_32_BIT_CONVERSION = YES;
				GCC_WARN_ABOUT_RETURN_TYPE = YES_ERROR;
				GCC_WARN_UNDECLARED_SELECTOR = YES;
				GCC_WARN_UNINITIALIZED_AUTOS = YES_AGGRESSIVE;
				GCC_WARN_UNUSED_FUNCTION = YES;
				GCC_WARN_UNUSED_VARIABLE = YES;
				IPHONEOS_DEPLOYMENT_TARGET = 13.2;
				MTL_ENABLE_DEBUG_INFO = INCLUDE_SOURCE;
				MTL_FAST_MATH = YES;
				ONLY_ACTIVE_ARCH = YES;
				SDKROOT = iphoneos;
				SWIFT_ACTIVE_COMPILATION_CONDITIONS = DEBUG;
				SWIFT_OPTIMIZATION_LEVEL = "-Onone";
			};
			name = Debug;
		};
		1817A26423E120A800140E0D /* Release */ = {
			isa = XCBuildConfiguration;
			buildSettings = {
				ALWAYS_SEARCH_USER_PATHS = NO;
				CLANG_ANALYZER_NONNULL = YES;
				CLANG_ANALYZER_NUMBER_OBJECT_CONVERSION = YES_AGGRESSIVE;
				CLANG_CXX_LANGUAGE_STANDARD = "gnu++14";
				CLANG_CXX_LIBRARY = "libc++";
				CLANG_ENABLE_MODULES = YES;
				CLANG_ENABLE_OBJC_ARC = YES;
				CLANG_ENABLE_OBJC_WEAK = YES;
				CLANG_WARN_BLOCK_CAPTURE_AUTORELEASING = YES;
				CLANG_WARN_BOOL_CONVERSION = YES;
				CLANG_WARN_COMMA = YES;
				CLANG_WARN_CONSTANT_CONVERSION = YES;
				CLANG_WARN_DEPRECATED_OBJC_IMPLEMENTATIONS = YES;
				CLANG_WARN_DIRECT_OBJC_ISA_USAGE = YES_ERROR;
				CLANG_WARN_DOCUMENTATION_COMMENTS = YES;
				CLANG_WARN_EMPTY_BODY = YES;
				CLANG_WARN_ENUM_CONVERSION = YES;
				CLANG_WARN_INFINITE_RECURSION = YES;
				CLANG_WARN_INT_CONVERSION = YES;
				CLANG_WARN_NON_LITERAL_NULL_CONVERSION = YES;
				CLANG_WARN_OBJC_IMPLICIT_RETAIN_SELF = YES;
				CLANG_WARN_OBJC_LITERAL_CONVERSION = YES;
				CLANG_WARN_OBJC_ROOT_CLASS = YES_ERROR;
				CLANG_WARN_RANGE_LOOP_ANALYSIS = YES;
				CLANG_WARN_STRICT_PROTOTYPES = YES;
				CLANG_WARN_SUSPICIOUS_MOVE = YES;
				CLANG_WARN_UNGUARDED_AVAILABILITY = YES_AGGRESSIVE;
				CLANG_WARN_UNREACHABLE_CODE = YES;
				CLANG_WARN__DUPLICATE_METHOD_MATCH = YES;
				COPY_PHASE_STRIP = NO;
				DEBUG_INFORMATION_FORMAT = "dwarf-with-dsym";
				ENABLE_NS_ASSERTIONS = NO;
				ENABLE_STRICT_OBJC_MSGSEND = YES;
				GCC_C_LANGUAGE_STANDARD = gnu11;
				GCC_NO_COMMON_BLOCKS = YES;
				GCC_WARN_64_TO_32_BIT_CONVERSION = YES;
				GCC_WARN_ABOUT_RETURN_TYPE = YES_ERROR;
				GCC_WARN_UNDECLARED_SELECTOR = YES;
				GCC_WARN_UNINITIALIZED_AUTOS = YES_AGGRESSIVE;
				GCC_WARN_UNUSED_FUNCTION = YES;
				GCC_WARN_UNUSED_VARIABLE = YES;
				IPHONEOS_DEPLOYMENT_TARGET = 13.2;
				MTL_ENABLE_DEBUG_INFO = NO;
				MTL_FAST_MATH = YES;
				SDKROOT = iphoneos;
				SWIFT_COMPILATION_MODE = wholemodule;
				SWIFT_OPTIMIZATION_LEVEL = "-O";
				VALIDATE_PRODUCT = YES;
			};
			name = Release;
		};
		1817A26623E120A800140E0D /* Debug */ = {
			isa = XCBuildConfiguration;
			buildSettings = {
				ASSETCATALOG_COMPILER_APPICON_NAME = AppIcon;
				CODE_SIGN_STYLE = Automatic;
				DEVELOPMENT_TEAM = 2RC344KPBS;
				INFOPLIST_FILE = sggKaedeMax/Info.plist;
				LD_RUNPATH_SEARCH_PATHS = (
					"$(inherited)",
					"@executable_path/Frameworks",
				);
				PRODUCT_BUNDLE_IDENTIFIER = com.gmail.rentarou1994.sggKaedeMax;
				PRODUCT_NAME = "$(TARGET_NAME)";
				SWIFT_VERSION = 5.0;
				TARGETED_DEVICE_FAMILY = "1,2";
			};
			name = Debug;
		};
		1817A26723E120A800140E0D /* Release */ = {
			isa = XCBuildConfiguration;
			buildSettings = {
				ASSETCATALOG_COMPILER_APPICON_NAME = AppIcon;
				CODE_SIGN_STYLE = Automatic;
				DEVELOPMENT_TEAM = 2RC344KPBS;
				INFOPLIST_FILE = sggKaedeMax/Info.plist;
				LD_RUNPATH_SEARCH_PATHS = (
					"$(inherited)",
					"@executable_path/Frameworks",
				);
				PRODUCT_BUNDLE_IDENTIFIER = com.gmail.rentarou1994.sggKaedeMax;
				PRODUCT_NAME = "$(TARGET_NAME)";
				SWIFT_VERSION = 5.0;
				TARGETED_DEVICE_FAMILY = "1,2";
			};
			name = Release;
		};
/* End XCBuildConfiguration section */

/* Begin XCConfigurationList section */
		1817A24C23E120A200140E0D /* Build configuration list for PBXProject "sggKaedeMax" */ = {
			isa = XCConfigurationList;
			buildConfigurations = (
				1817A26323E120A800140E0D /* Debug */,
				1817A26423E120A800140E0D /* Release */,
			);
			defaultConfigurationIsVisible = 0;
			defaultConfigurationName = Release;
		};
		1817A26523E120A800140E0D /* Build configuration list for PBXNativeTarget "sggKaedeMax" */ = {
			isa = XCConfigurationList;
			buildConfigurations = (
				1817A26623E120A800140E0D /* Debug */,
				1817A26723E120A800140E0D /* Release */,
			);
			defaultConfigurationIsVisible = 0;
			defaultConfigurationName = Release;
		};
/* End XCConfigurationList section */
	};
	rootObject = 1817A24923E120A200140E0D /* Project object */;
}
